
Microsoft Visual Studio Solution File, Format Version 12.00
# Visual Studio Version 17
VisualStudioVersion = 17.5.33312.197
MinimumVisualStudioVersion = 10.0.40219.1
Project("{FAE04EC0-301F-11D3-BF4B-00C04F79EFBC}") = "SKELETON-KING", "SKELETON-KING.csproj", "{DC49760D-E7B6-488B-ADBF-71DBE76EC93D}"
EndProject
Project("{FAE04EC0-301F-11D3-BF4B-00C04F79EFBC}") = "UNDEAD-WARRIOR", "..\UNDEAD-WARRIOR\UNDEAD-WARRIOR.csproj", "{7627A42E-19F1-4C1F-8589-0598FB37DA12}"
EndProject
Global
	GlobalSection(SolutionConfigurationPlatforms) = preSolution
		Debug|Any CPU = Debug|Any CPU
		Release|Any CPU = Release|Any CPU
	EndGlobalSection
	GlobalSection(ProjectConfigurationPlatforms) = postSolution
		{DC49760D-E7B6-488B-ADBF-71DBE76EC93D}.Debug|Any CPU.ActiveCfg = Debug|Any CPU
		{DC49760D-E7B6-488B-ADBF-71DBE76EC93D}.Debug|Any CPU.Build.0 = Debug|Any CPU
		{DC49760D-E7B6-488B-ADBF-71DBE76EC93D}.Release|Any CPU.ActiveCfg = Release|Any CPU
		{DC49760D-E7B6-488B-ADBF-71DBE76EC93D}.Release|Any CPU.Build.0 = Release|Any CPU
		{7627A42E-19F1-4C1F-8589-0598FB37DA12}.Debug|Any CPU.ActiveCfg = Debug|Any CPU
		{7627A42E-19F1-4C1F-8589-0598FB37DA12}.Debug|Any CPU.Build.0 = Debug|Any CPU
		{7627A42E-19F1-4C1F-8589-0598FB37DA12}.Release|Any CPU.ActiveCfg = Release|Any CPU
		{7627A42E-19F1-4C1F-8589-0598FB37DA12}.Release|Any CPU.Build.0 = Release|Any CPU
	EndGlobalSection
	GlobalSection(SolutionProperties) = preSolution
		HideSolutionNode = FALSE
	EndGlobalSection
	GlobalSection(ExtensibilityGlobals) = postSolution
		SolutionGuid = {79E2AEB2-A036-469F-9155-3C20A0B393DF}
	EndGlobalSection
EndGlobal
